<?xml version="1.0" encoding="UTF-8"?>
<CodeBlocks_project_file>
	<FileVersion major="1" minor="6"/>
	<Project>
		<Option title="imageBasics"/>
		<Option makefile_is_custom="1"/>
		<Option compiler="gcc"/>
		<Option virtualFolders="CMake Files\;CMake Files\..\;CMake Files\..\..\;CMake Files\..\..\..\;CMake Files\..\..\..\..\;CMake Files\..\..\..\..\opencv_root\;CMake Files\..\..\..\..\opencv_root\build_opencv\;"/>
		<Build>
			<Target title="all">
				<Option working_dir="/home/william/semantic_segmentation_suite/learnopencv/learnopencv/Mask-RCNN"/>
				<Option type="4"/>
				<MakeCommands>
					<Build command="/usr/bin/make -f &quot;/home/william/semantic_segmentation_suite/learnopencv/learnopencv/Mask-RCNN/Makefile&quot;  VERBOSE=1 all"/>
					<CompileFile command="/usr/bin/make -f &quot;/home/william/semantic_segmentation_suite/learnopencv/learnopencv/Mask-RCNN/Makefile&quot;  VERBOSE=1 &quot;$file&quot;"/>
					<Clean command="/usr/bin/make -f &quot;/home/william/semantic_segmentation_suite/learnopencv/learnopencv/Mask-RCNN/Makefile&quot;  VERBOSE=1 clean"/>
					<DistClean command="/usr/bin/make -f &quot;/home/william/semantic_segmentation_suite/learnopencv/learnopencv/Mask-RCNN/Makefile&quot;  VERBOSE=1 clean"/>
				</MakeCommands>
			</Target>
			<Target title="rebuild_cache">
				<Option working_dir="/home/william/semantic_segmentation_suite/learnopencv/learnopencv/Mask-RCNN"/>
				<Option type="4"/>
				<MakeCommands>
					<Build command="/usr/bin/make -f &quot;/home/william/semantic_segmentation_suite/learnopencv/learnopencv/Mask-RCNN/Makefile&quot;  VERBOSE=1 rebuild_cache"/>
					<CompileFile command="/usr/bin/make -f &quot;/home/william/semantic_segmentation_suite/learnopencv/learnopencv/Mask-RCNN/Makefile&quot;  VERBOSE=1 &quot;$file&quot;"/>
					<Clean command="/usr/bin/make -f &quot;/home/william/semantic_segmentation_suite/learnopencv/learnopencv/Mask-RCNN/Makefile&quot;  VERBOSE=1 clean"/>
					<DistClean command="/usr/bin/make -f &quot;/home/william/semantic_segmentation_suite/learnopencv/learnopencv/Mask-RCNN/Makefile&quot;  VERBOSE=1 clean"/>
				</MakeCommands>
			</Target>
			<Target title="mask_rcnn">
				<Option output="/home/william/semantic_segmentation_suite/learnopencv/learnopencv/Mask-RCNN/mask_rcnn" prefix_auto="0" extension_auto="0"/>
				<Option working_dir="/home/william/semantic_segmentation_suite/learnopencv/learnopencv/Mask-RCNN"/>
				<Option object_output="./"/>
				<Option type="1"/>
				<Option compiler="gcc"/>
				<Compiler>
					<Add directory="/home/william/opencv_root/build_opencv"/>
					<Add directory="/home/william/opencv_root/opencv/include"/>
					<Add directory="/home/william/opencv_root/opencv/modules/core/include"/>
					<Add directory="/home/william/opencv_root/opencv/modules/flann/include"/>
					<Add directory="/home/william/opencv_root/opencv_contrib/modules/hdf/include"/>
					<Add directory="/home/william/opencv_root/opencv/modules/imgproc/include"/>
					<Add directory="/home/william/opencv_root/opencv/modules/ml/include"/>
					<Add directory="/home/william/opencv_root/opencv_contrib/modules/phase_unwrapping/include"/>
					<Add directory="/home/william/opencv_root/opencv/modules/photo/include"/>
					<Add directory="/home/william/opencv_root/opencv_contrib/modules/plot/include"/>
					<Add directory="/home/william/opencv_root/opencv_contrib/modules/quality/include"/>
					<Add directory="/home/william/opencv_root/opencv_contrib/modules/reg/include"/>
					<Add directory="/home/william/opencv_root/opencv_contrib/modules/surface_matching/include"/>
					<Add directory="/home/william/opencv_root/opencv_contrib/modules/viz/include"/>
					<Add directory="/home/william/opencv_root/opencv_contrib/modules/xphoto/include"/>
					<Add directory="/home/william/opencv_root/opencv/modules/dnn/include"/>
					<Add directory="/home/william/opencv_root/opencv/modules/features2d/include"/>
					<Add directory="/home/william/opencv_root/opencv_contrib/modules/freetype/include"/>
					<Add directory="/home/william/opencv_root/opencv_contrib/modules/fuzzy/include"/>
					<Add directory="/home/william/opencv_root/opencv/modules/gapi/include"/>
					<Add directory="/home/william/opencv_root/opencv_contrib/modules/hfs/include"/>
					<Add directory="/home/william/opencv_root/opencv_contrib/modules/img_hash/include"/>
					<Add directory="/home/william/opencv_root/opencv/modules/imgcodecs/include"/>
					<Add directory="/home/william/opencv_root/opencv_contrib/modules/line_descriptor/include"/>
					<Add directory="/home/william/opencv_root/opencv_contrib/modules/saliency/include"/>
					<Add directory="/home/william/opencv_root/opencv/modules/videoio/include"/>
					<Add directory="/home/william/opencv_root/opencv/modules/calib3d/include"/>
					<Add directory="/home/william/opencv_root/opencv/modules/highgui/include"/>
					<Add directory="/home/william/opencv_root/opencv/modules/objdetect/include"/>
					<Add directory="/home/william/opencv_root/opencv_contrib/modules/rgbd/include"/>
					<Add directory="/home/william/opencv_root/opencv_contrib/modules/shape/include"/>
					<Add directory="/home/william/opencv_root/opencv_contrib/modules/structured_light/include"/>
					<Add directory="/home/william/opencv_root/opencv_contrib/modules/text/include"/>
					<Add directory="/home/william/opencv_root/opencv/modules/ts/include"/>
					<Add directory="/home/william/opencv_root/opencv/modules/video/include"/>
					<Add directory="/home/william/opencv_root/opencv_contrib/modules/videostab/include"/>
					<Add directory="/home/william/opencv_root/opencv_contrib/modules/xfeatures2d/include"/>
					<Add directory="/home/william/opencv_root/opencv_contrib/modules/ximgproc/include"/>
					<Add directory="/home/william/opencv_root/opencv_contrib/modules/xobjdetect/include"/>
					<Add directory="/home/william/opencv_root/opencv_contrib/modules/aruco/include"/>
					<Add directory="/home/william/opencv_root/opencv_contrib/modules/bgsegm/include"/>
					<Add directory="/home/william/opencv_root/opencv_contrib/modules/bioinspired/include"/>
					<Add directory="/home/william/opencv_root/opencv_contrib/modules/ccalib/include"/>
					<Add directory="/home/william/opencv_root/opencv_contrib/modules/datasets/include"/>
					<Add directory="/home/william/opencv_root/opencv_contrib/modules/dnn_objdetect/include"/>
					<Add directory="/home/william/opencv_root/opencv_contrib/modules/dpm/include"/>
					<Add directory="/home/william/opencv_root/opencv_contrib/modules/face/include"/>
					<Add directory="/home/william/opencv_root/opencv_contrib/modules/optflow/include"/>
					<Add directory="/home/william/opencv_root/opencv/modules/stitching/include"/>
					<Add directory="/home/william/opencv_root/opencv_contrib/modules/superres/include"/>
					<Add directory="/home/william/opencv_root/opencv_contrib/modules/tracking/include"/>
					<Add directory="/home/william/opencv_root/opencv_contrib/modules/stereo/include"/>
				</Compiler>
				<MakeCommands>
					<Build command="/usr/bin/make -f &quot;/home/william/semantic_segmentation_suite/learnopencv/learnopencv/Mask-RCNN/Makefile&quot;  VERBOSE=1 mask_rcnn"/>
					<CompileFile command="/usr/bin/make -f &quot;/home/william/semantic_segmentation_suite/learnopencv/learnopencv/Mask-RCNN/Makefile&quot;  VERBOSE=1 &quot;$file&quot;"/>
					<Clean command="/usr/bin/make -f &quot;/home/william/semantic_segmentation_suite/learnopencv/learnopencv/Mask-RCNN/Makefile&quot;  VERBOSE=1 clean"/>
					<DistClean command="/usr/bin/make -f &quot;/home/william/semantic_segmentation_suite/learnopencv/learnopencv/Mask-RCNN/Makefile&quot;  VERBOSE=1 clean"/>
				</MakeCommands>
			</Target>
			<Target title="mask_rcnn/fast">
				<Option output="/home/william/semantic_segmentation_suite/learnopencv/learnopencv/Mask-RCNN/mask_rcnn" prefix_auto="0" extension_auto="0"/>
				<Option working_dir="/home/william/semantic_segmentation_suite/learnopencv/learnopencv/Mask-RCNN"/>
				<Option object_output="./"/>
				<Option type="1"/>
				<Option compiler="gcc"/>
				<Compiler>
					<Add directory="/home/william/opencv_root/build_opencv"/>
					<Add directory="/home/william/opencv_root/opencv/include"/>
					<Add directory="/home/william/opencv_root/opencv/modules/core/include"/>
					<Add directory="/home/william/opencv_root/opencv/modules/flann/include"/>
					<Add directory="/home/william/opencv_root/opencv_contrib/modules/hdf/include"/>
					<Add directory="/home/william/opencv_root/opencv/modules/imgproc/include"/>
					<Add directory="/home/william/opencv_root/opencv/modules/ml/include"/>
					<Add directory="/home/william/opencv_root/opencv_contrib/modules/phase_unwrapping/include"/>
					<Add directory="/home/william/opencv_root/opencv/modules/photo/include"/>
					<Add directory="/home/william/opencv_root/opencv_contrib/modules/plot/include"/>
					<Add directory="/home/william/opencv_root/opencv_contrib/modules/quality/include"/>
					<Add directory="/home/william/opencv_root/opencv_contrib/modules/reg/include"/>
					<Add directory="/home/william/opencv_root/opencv_contrib/modules/surface_matching/include"/>
					<Add directory="/home/william/opencv_root/opencv_contrib/modules/viz/include"/>
					<Add directory="/home/william/opencv_root/opencv_contrib/modules/xphoto/include"/>
					<Add directory="/home/william/opencv_root/opencv/modules/dnn/include"/>
					<Add directory="/home/william/opencv_root/opencv/modules/features2d/include"/>
					<Add directory="/home/william/opencv_root/opencv_contrib/modules/freetype/include"/>
					<Add directory="/home/william/opencv_root/opencv_contrib/modules/fuzzy/include"/>
					<Add directory="/home/william/opencv_root/opencv/modules/gapi/include"/>
					<Add directory="/home/william/opencv_root/opencv_contrib/modules/hfs/include"/>
					<Add directory="/home/william/opencv_root/opencv_contrib/modules/img_hash/include"/>
					<Add directory="/home/william/opencv_root/opencv/modules/imgcodecs/include"/>
					<Add directory="/home/william/opencv_root/opencv_contrib/modules/line_descriptor/include"/>
					<Add directory="/home/william/opencv_root/opencv_contrib/modules/saliency/include"/>
					<Add directory="/home/william/opencv_root/opencv/modules/videoio/include"/>
					<Add directory="/home/william/opencv_root/opencv/modules/calib3d/include"/>
					<Add directory="/home/william/opencv_root/opencv/modules/highgui/include"/>
					<Add directory="/home/william/opencv_root/opencv/modules/objdetect/include"/>
					<Add directory="/home/william/opencv_root/opencv_contrib/modules/rgbd/include"/>
					<Add directory="/home/william/opencv_root/opencv_contrib/modules/shape/include"/>
					<Add directory="/home/william/opencv_root/opencv_contrib/modules/structured_light/include"/>
					<Add directory="/home/william/opencv_root/opencv_contrib/modules/text/include"/>
					<Add directory="/home/william/opencv_root/opencv/modules/ts/include"/>
					<Add directory="/home/william/opencv_root/opencv/modules/video/include"/>
					<Add directory="/home/william/opencv_root/opencv_contrib/modules/videostab/include"/>
					<Add directory="/home/william/opencv_root/opencv_contrib/modules/xfeatures2d/include"/>
					<Add directory="/home/william/opencv_root/opencv_contrib/modules/ximgproc/include"/>
					<Add directory="/home/william/opencv_root/opencv_contrib/modules/xobjdetect/include"/>
					<Add directory="/home/william/opencv_root/opencv_contrib/modules/aruco/include"/>
					<Add directory="/home/william/opencv_root/opencv_contrib/modules/bgsegm/include"/>
					<Add directory="/home/william/opencv_root/opencv_contrib/modules/bioinspired/include"/>
					<Add directory="/home/william/opencv_root/opencv_contrib/modules/ccalib/include"/>
					<Add directory="/home/william/opencv_root/opencv_contrib/modules/datasets/include"/>
					<Add directory="/home/william/opencv_root/opencv_contrib/modules/dnn_objdetect/include"/>
					<Add directory="/home/william/opencv_root/opencv_contrib/modules/dpm/include"/>
					<Add directory="/home/william/opencv_root/opencv_contrib/modules/face/include"/>
					<Add directory="/home/william/opencv_root/opencv_contrib/modules/optflow/include"/>
					<Add directory="/home/william/opencv_root/opencv/modules/stitching/include"/>
					<Add directory="/home/william/opencv_root/opencv_contrib/modules/superres/include"/>
					<Add directory="/home/william/opencv_root/opencv_contrib/modules/tracking/include"/>
					<Add directory="/home/william/opencv_root/opencv_contrib/modules/stereo/include"/>
				</Compiler>
				<MakeCommands>
					<Build command="/usr/bin/make -f &quot;/home/william/semantic_segmentation_suite/learnopencv/learnopencv/Mask-RCNN/Makefile&quot;  VERBOSE=1 mask_rcnn/fast"/>
					<CompileFile command="/usr/bin/make -f &quot;/home/william/semantic_segmentation_suite/learnopencv/learnopencv/Mask-RCNN/Makefile&quot;  VERBOSE=1 &quot;$file&quot;"/>
					<Clean command="/usr/bin/make -f &quot;/home/william/semantic_segmentation_suite/learnopencv/learnopencv/Mask-RCNN/Makefile&quot;  VERBOSE=1 clean"/>
					<DistClean command="/usr/bin/make -f &quot;/home/william/semantic_segmentation_suite/learnopencv/learnopencv/Mask-RCNN/Makefile&quot;  VERBOSE=1 clean"/>
				</MakeCommands>
			</Target>
			<Target title="edit_cache">
				<Option working_dir="/home/william/semantic_segmentation_suite/learnopencv/learnopencv/Mask-RCNN"/>
				<Option type="4"/>
				<MakeCommands>
					<Build command="/usr/bin/make -f &quot;/home/william/semantic_segmentation_suite/learnopencv/learnopencv/Mask-RCNN/Makefile&quot;  VERBOSE=1 edit_cache"/>
					<CompileFile command="/usr/bin/make -f &quot;/home/william/semantic_segmentation_suite/learnopencv/learnopencv/Mask-RCNN/Makefile&quot;  VERBOSE=1 &quot;$file&quot;"/>
					<Clean command="/usr/bin/make -f &quot;/home/william/semantic_segmentation_suite/learnopencv/learnopencv/Mask-RCNN/Makefile&quot;  VERBOSE=1 clean"/>
					<DistClean command="/usr/bin/make -f &quot;/home/william/semantic_segmentation_suite/learnopencv/learnopencv/Mask-RCNN/Makefile&quot;  VERBOSE=1 clean"/>
				</MakeCommands>
			</Target>
		</Build>
		<Unit filename="/home/william/semantic_segmentation_suite/learnopencv/learnopencv/Mask-RCNN/mask_rcnn.cpp">
			<Option target="mask_rcnn"/>
		</Unit>
		<Unit filename="/home/william/semantic_segmentation_suite/learnopencv/learnopencv/Mask-RCNN/CMakeLists.txt">
			<Option virtualFolder="CMake Files\"/>
		</Unit>
		<Unit filename="/home/william/semantic_segmentation_suite/learnopencv/learnopencv/Mask-RCNN/../../../../opencv_root/build_opencv/OpenCVConfig-version.cmake">
			<Option virtualFolder="CMake Files\..\..\..\..\opencv_root\build_opencv\"/>
		</Unit>
		<Unit filename="/home/william/semantic_segmentation_suite/learnopencv/learnopencv/Mask-RCNN/../../../../opencv_root/build_opencv/OpenCVConfig.cmake">
			<Option virtualFolder="CMake Files\..\..\..\..\opencv_root\build_opencv\"/>
		</Unit>
		<Unit filename="/home/william/semantic_segmentation_suite/learnopencv/learnopencv/Mask-RCNN/../../../../opencv_root/build_opencv/OpenCVModules.cmake">
			<Option virtualFolder="CMake Files\..\..\..\..\opencv_root\build_opencv\"/>
		</Unit>
	</Project>
</CodeBlocks_project_file>
